// !$*UTF8*$!
{
	archiveVersion = 1;
	classes = {
	};
	objectVersion = 50;
	objects = {

/* Begin PBXBuildFile section */
		A2281A4028884E02E0FB7AF9 /* Pods_RSSFeedTestApp.framework in Frameworks */ = {isa = PBXBuildFile; fileRef = 9239197B6EFABA018DA26430 /* Pods_RSSFeedTestApp.framework */; };
		A552F7362258D96E006EB56F /* RSSFeedDataController.swift in Sources */ = {isa = PBXBuildFile; fileRef = A552F7352258D96E006EB56F /* RSSFeedDataController.swift */; };
		A552F7382258FDE9006EB56F /* DataControllersFactory.swift in Sources */ = {isa = PBXBuildFile; fileRef = A552F7372258FDE9006EB56F /* DataControllersFactory.swift */; };
		A552F73A2259084C006EB56F /* FeedItemTableViewCell.swift in Sources */ = {isa = PBXBuildFile; fileRef = A552F7392259084C006EB56F /* FeedItemTableViewCell.swift */; };
		A552F73D22592DCC006EB56F /* SystemActivityIndicator.swift in Sources */ = {isa = PBXBuildFile; fileRef = A552F73C22592DCC006EB56F /* SystemActivityIndicator.swift */; };
		A552F73F225A1F19006EB56F /* CombinedDataController.swift in Sources */ = {isa = PBXBuildFile; fileRef = A552F73E225A1F19006EB56F /* CombinedDataController.swift */; };
		A552F742225A7025006EB56F /* UITableView+SupportMethods.swift in Sources */ = {isa = PBXBuildFile; fileRef = A552F741225A7025006EB56F /* UITableView+SupportMethods.swift */; };
		A552F744225A7DF2006EB56F /* RSSItemDetailsViewController.swift in Sources */ = {isa = PBXBuildFile; fileRef = A552F743225A7DF2006EB56F /* RSSItemDetailsViewController.swift */; };
		A591AF8C22555C02005BA5C9 /* AppDelegate.swift in Sources */ = {isa = PBXBuildFile; fileRef = A591AF8B22555C02005BA5C9 /* AppDelegate.swift */; };
		A591AF8E22555C02005BA5C9 /* GeneralViewController.swift in Sources */ = {isa = PBXBuildFile; fileRef = A591AF8D22555C02005BA5C9 /* GeneralViewController.swift */; };
		A591AF9122555C02005BA5C9 /* Main.storyboard in Resources */ = {isa = PBXBuildFile; fileRef = A591AF8F22555C02005BA5C9 /* Main.storyboard */; };
		A591AF9322555C06005BA5C9 /* Assets.xcassets in Resources */ = {isa = PBXBuildFile; fileRef = A591AF9222555C06005BA5C9 /* Assets.xcassets */; };
		A591AF9622555C06005BA5C9 /* LaunchScreen.storyboard in Resources */ = {isa = PBXBuildFile; fileRef = A591AF9422555C06005BA5C9 /* LaunchScreen.storyboard */; };
		A591AFA122555EF2005BA5C9 /* RSSFeedsViewController.swift in Sources */ = {isa = PBXBuildFile; fileRef = A591AFA022555EF2005BA5C9 /* RSSFeedsViewController.swift */; };
/* End PBXBuildFile section */

/* Begin PBXFileReference section */
		214AFC36CDAC67E15EE1BEBA /* Pods-RSSFeedTestApp.release.xcconfig */ = {isa = PBXFileReference; includeInIndex = 1; lastKnownFileType = text.xcconfig; name = "Pods-RSSFeedTestApp.release.xcconfig"; path = "Pods/Target Support Files/Pods-RSSFeedTestApp/Pods-RSSFeedTestApp.release.xcconfig"; sourceTree = "<group>"; };
		690DE8C7CBE54DC712BF82E9 /* Pods-RSSFeedTestApp.debug.xcconfig */ = {isa = PBXFileReference; includeInIndex = 1; lastKnownFileType = text.xcconfig; name = "Pods-RSSFeedTestApp.debug.xcconfig"; path = "Pods/Target Support Files/Pods-RSSFeedTestApp/Pods-RSSFeedTestApp.debug.xcconfig"; sourceTree = "<group>"; };
		9239197B6EFABA018DA26430 /* Pods_RSSFeedTestApp.framework */ = {isa = PBXFileReference; explicitFileType = wrapper.framework; includeInIndex = 0; path = Pods_RSSFeedTestApp.framework; sourceTree = BUILT_PRODUCTS_DIR; };
		A552F7352258D96E006EB56F /* RSSFeedDataController.swift */ = {isa = PBXFileReference; lastKnownFileType = sourcecode.swift; path = RSSFeedDataController.swift; sourceTree = "<group>"; };
		A552F7372258FDE9006EB56F /* DataControllersFactory.swift */ = {isa = PBXFileReference; lastKnownFileType = sourcecode.swift; path = DataControllersFactory.swift; sourceTree = "<group>"; };
		A552F7392259084C006EB56F /* FeedItemTableViewCell.swift */ = {isa = PBXFileReference; lastKnownFileType = sourcecode.swift; path = FeedItemTableViewCell.swift; sourceTree = "<group>"; };
		A552F73C22592DCC006EB56F /* SystemActivityIndicator.swift */ = {isa = PBXFileReference; lastKnownFileType = sourcecode.swift; path = SystemActivityIndicator.swift; sourceTree = "<group>"; };
		A552F73E225A1F19006EB56F /* CombinedDataController.swift */ = {isa = PBXFileReference; lastKnownFileType = sourcecode.swift; path = CombinedDataController.swift; sourceTree = "<group>"; };
		A552F741225A7025006EB56F /* UITableView+SupportMethods.swift */ = {isa = PBXFileReference; lastKnownFileType = sourcecode.swift; path = "UITableView+SupportMethods.swift"; sourceTree = "<group>"; };
		A552F743225A7DF2006EB56F /* RSSItemDetailsViewController.swift */ = {isa = PBXFileReference; lastKnownFileType = sourcecode.swift; path = RSSItemDetailsViewController.swift; sourceTree = "<group>"; };
		A591AF8822555C02005BA5C9 /* RSSFeedTestApp.app */ = {isa = PBXFileReference; explicitFileType = wrapper.application; includeInIndex = 0; path = RSSFeedTestApp.app; sourceTree = BUILT_PRODUCTS_DIR; };
		A591AF8B22555C02005BA5C9 /* AppDelegate.swift */ = {isa = PBXFileReference; lastKnownFileType = sourcecode.swift; path = AppDelegate.swift; sourceTree = "<group>"; };
		A591AF8D22555C02005BA5C9 /* GeneralViewController.swift */ = {isa = PBXFileReference; lastKnownFileType = sourcecode.swift; path = GeneralViewController.swift; sourceTree = "<group>"; };
		A591AF9022555C02005BA5C9 /* Base */ = {isa = PBXFileReference; lastKnownFileType = file.storyboard; name = Base; path = Base.lproj/Main.storyboard; sourceTree = "<group>"; };
		A591AF9222555C06005BA5C9 /* Assets.xcassets */ = {isa = PBXFileReference; lastKnownFileType = folder.assetcatalog; path = Assets.xcassets; sourceTree = "<group>"; };
		A591AF9522555C06005BA5C9 /* Base */ = {isa = PBXFileReference; lastKnownFileType = file.storyboard; name = Base; path = Base.lproj/LaunchScreen.storyboard; sourceTree = "<group>"; };
		A591AF9722555C06005BA5C9 /* Info.plist */ = {isa = PBXFileReference; lastKnownFileType = text.plist.xml; path = Info.plist; sourceTree = "<group>"; };
		A591AFA022555EF2005BA5C9 /* RSSFeedsViewController.swift */ = {isa = PBXFileReference; lastKnownFileType = sourcecode.swift; path = RSSFeedsViewController.swift; sourceTree = "<group>"; };
/* End PBXFileReference section */

/* Begin PBXFrameworksBuildPhase section */
		A591AF8522555C02005BA5C9 /* Frameworks */ = {
			isa = PBXFrameworksBuildPhase;
			buildActionMask = 2147483647;
			files = (
				A2281A4028884E02E0FB7AF9 /* Pods_RSSFeedTestApp.framework in Frameworks */,
			);
			runOnlyForDeploymentPostprocessing = 0;
		};
/* End PBXFrameworksBuildPhase section */

/* Begin PBXGroup section */
		A39B6F38CC9F4EA10B65D695 /* Frameworks */ = {
			isa = PBXGroup;
			children = (
				9239197B6EFABA018DA26430 /* Pods_RSSFeedTestApp.framework */,
			);
			name = Frameworks;
			sourceTree = "<group>";
		};
		A552F7342258D951006EB56F /* DataControllers */ = {
			isa = PBXGroup;
			children = (
				A552F7352258D96E006EB56F /* RSSFeedDataController.swift */,
				A552F7372258FDE9006EB56F /* DataControllersFactory.swift */,
				A552F73E225A1F19006EB56F /* CombinedDataController.swift */,
			);
			path = DataControllers;
			sourceTree = "<group>";
		};
		A552F73B22590852006EB56F /* Views */ = {
			isa = PBXGroup;
			children = (
				A552F7392259084C006EB56F /* FeedItemTableViewCell.swift */,
			);
			path = Views;
			sourceTree = "<group>";
		};
		A552F740225A6FFF006EB56F /* Extensions */ = {
			isa = PBXGroup;
			children = (
				A552F741225A7025006EB56F /* UITableView+SupportMethods.swift */,
			);
			path = Extensions;
			sourceTree = "<group>";
		};
		A591AF7F22555C02005BA5C9 = {
			isa = PBXGroup;
			children = (
				A591AF8A22555C02005BA5C9 /* RSSFeedTestApp */,
				A591AF8922555C02005BA5C9 /* Products */,
				C1803FFC41A785B16AC73EFA /* Pods */,
				A39B6F38CC9F4EA10B65D695 /* Frameworks */,
			);
			sourceTree = "<group>";
		};
		A591AF8922555C02005BA5C9 /* Products */ = {
			isa = PBXGroup;
			children = (
				A591AF8822555C02005BA5C9 /* RSSFeedTestApp.app */,
			);
			name = Products;
			sourceTree = "<group>";
		};
		A591AF8A22555C02005BA5C9 /* RSSFeedTestApp */ = {
			isa = PBXGroup;
			children = (
				A552F740225A6FFF006EB56F /* Extensions */,
				A552F73B22590852006EB56F /* Views */,
				A552F7342258D951006EB56F /* DataControllers */,
				A591AF9F22555CD0005BA5C9 /* ViewControllers */,
				A591AF9E22555CA8005BA5C9 /* Resources */,
				A591AF9D22555C63005BA5C9 /* Application */,
			);
			path = RSSFeedTestApp;
			sourceTree = "<group>";
		};
		A591AF9D22555C63005BA5C9 /* Application */ = {
			isa = PBXGroup;
			children = (
				A591AF8B22555C02005BA5C9 /* AppDelegate.swift */,
				A591AF9722555C06005BA5C9 /* Info.plist */,
				A552F73C22592DCC006EB56F /* SystemActivityIndicator.swift */,
			);
			path = Application;
			sourceTree = "<group>";
		};
		A591AF9E22555CA8005BA5C9 /* Resources */ = {
			isa = PBXGroup;
			children = (
				A591AF8F22555C02005BA5C9 /* Main.storyboard */,
				A591AF9422555C06005BA5C9 /* LaunchScreen.storyboard */,
				A591AF9222555C06005BA5C9 /* Assets.xcassets */,
			);
			path = Resources;
			sourceTree = "<group>";
		};
		A591AF9F22555CD0005BA5C9 /* ViewControllers */ = {
			isa = PBXGroup;
			children = (
				A591AF8D22555C02005BA5C9 /* GeneralViewController.swift */,
				A591AFA022555EF2005BA5C9 /* RSSFeedsViewController.swift */,
				A552F743225A7DF2006EB56F /* RSSItemDetailsViewController.swift */,
			);
			path = ViewControllers;
			sourceTree = "<group>";
		};
		C1803FFC41A785B16AC73EFA /* Pods */ = {
			isa = PBXGroup;
			children = (
				690DE8C7CBE54DC712BF82E9 /* Pods-RSSFeedTestApp.debug.xcconfig */,
				214AFC36CDAC67E15EE1BEBA /* Pods-RSSFeedTestApp.release.xcconfig */,
			);
			name = Pods;
			sourceTree = "<group>";
		};
/* End PBXGroup section */

/* Begin PBXNativeTarget section */
		A591AF8722555C02005BA5C9 /* RSSFeedTestApp */ = {
			isa = PBXNativeTarget;
			buildConfigurationList = A591AF9A22555C06005BA5C9 /* Build configuration list for PBXNativeTarget "RSSFeedTestApp" */;
			buildPhases = (
				F90C22920E59E3075BC16A05 /* [CP] Check Pods Manifest.lock */,
				A591AF8422555C02005BA5C9 /* Sources */,
				A591AF8522555C02005BA5C9 /* Frameworks */,
				A591AF8622555C02005BA5C9 /* Resources */,
				C56E8F73EE035AF3D756B2F6 /* [CP] Embed Pods Frameworks */,
			);
			buildRules = (
			);
			dependencies = (
			);
			name = RSSFeedTestApp;
			productName = RSSFeedTestApp;
			productReference = A591AF8822555C02005BA5C9 /* RSSFeedTestApp.app */;
			productType = "com.apple.product-type.application";
		};
/* End PBXNativeTarget section */

/* Begin PBXProject section */
		A591AF8022555C02005BA5C9 /* Project object */ = {
			isa = PBXProject;
			attributes = {
				LastSwiftUpdateCheck = 1020;
				LastUpgradeCheck = 1020;
				ORGANIZATIONNAME = NLab;
				TargetAttributes = {
					A591AF8722555C02005BA5C9 = {
						CreatedOnToolsVersion = 10.2;
					};
				};
			};
			buildConfigurationList = A591AF8322555C02005BA5C9 /* Build configuration list for PBXProject "RSSFeedTestApp" */;
			compatibilityVersion = "Xcode 9.3";
			developmentRegion = en;
			hasScannedForEncodings = 0;
			knownRegions = (
				en,
				Base,
			);
			mainGroup = A591AF7F22555C02005BA5C9;
			productRefGroup = A591AF8922555C02005BA5C9 /* Products */;
			projectDirPath = "";
			projectRoot = "";
			targets = (
				A591AF8722555C02005BA5C9 /* RSSFeedTestApp */,
			);
		};
/* End PBXProject section */

/* Begin PBXResourcesBuildPhase section */
		A591AF8622555C02005BA5C9 /* Resources */ = {
			isa = PBXResourcesBuildPhase;
			buildActionMask = 2147483647;
			files = (
				A591AF9622555C06005BA5C9 /* LaunchScreen.storyboard in Resources */,
				A591AF9322555C06005BA5C9 /* Assets.xcassets in Resources */,
				A591AF9122555C02005BA5C9 /* Main.storyboard in Resources */,
			);
			runOnlyForDeploymentPostprocessing = 0;
		};
/* End PBXResourcesBuildPhase section */

/* Begin PBXShellScriptBuildPhase section */
		C56E8F73EE035AF3D756B2F6 /* [CP] Embed Pods Frameworks */ = {
			isa = PBXShellScriptBuildPhase;
			buildActionMask = 2147483647;
			files = (
			);
			inputPaths = (
				"${SRCROOT}/Pods/Target Support Files/Pods-RSSFeedTestApp/Pods-RSSFeedTestApp-frameworks.sh",
				"${BUILT_PRODUCTS_DIR}/Alamofire/Alamofire.framework",
				"${BUILT_PRODUCTS_DIR}/AlamofireRSSParser/AlamofireRSSParser.framework",
			);
			name = "[CP] Embed Pods Frameworks";
			outputPaths = (
				"${TARGET_BUILD_DIR}/${FRAMEWORKS_FOLDER_PATH}/Alamofire.framework",
				"${TARGET_BUILD_DIR}/${FRAMEWORKS_FOLDER_PATH}/AlamofireRSSParser.framework",
			);
			runOnlyForDeploymentPostprocessing = 0;
			shellPath = /bin/sh;
			shellScript = "\"${SRCROOT}/Pods/Target Support Files/Pods-RSSFeedTestApp/Pods-RSSFeedTestApp-frameworks.sh\"\n";
			showEnvVarsInLog = 0;
		};
		F90C22920E59E3075BC16A05 /* [CP] Check Pods Manifest.lock */ = {
			isa = PBXShellScriptBuildPhase;
			buildActionMask = 2147483647;
			files = (
			);
			inputPaths = (
				"${PODS_PODFILE_DIR_PATH}/Podfile.lock",
				"${PODS_ROOT}/Manifest.lock",
			);
			name = "[CP] Check Pods Manifest.lock";
			outputPaths = (
				"$(DERIVED_FILE_DIR)/Pods-RSSFeedTestApp-checkManifestLockResult.txt",
			);
			runOnlyForDeploymentPostprocessing = 0;
			shellPath = /bin/sh;
			shellScript = "diff \"${PODS_PODFILE_DIR_PATH}/Podfile.lock\" \"${PODS_ROOT}/Manifest.lock\" > /dev/null\nif [ $? != 0 ] ; then\n    # print error to STDERR\n    echo \"error: The sandbox is not in sync with the Podfile.lock. Run 'pod install' or update your CocoaPods installation.\" >&2\n    exit 1\nfi\n# This output is used by Xcode 'outputs' to avoid re-running this script phase.\necho \"SUCCESS\" > \"${SCRIPT_OUTPUT_FILE_0}\"\n";
			showEnvVarsInLog = 0;
		};
/* End PBXShellScriptBuildPhase section */

/* Begin PBXSourcesBuildPhase section */
		A591AF8422555C02005BA5C9 /* Sources */ = {
			isa = PBXSourcesBuildPhase;
			buildActionMask = 2147483647;
			files = (
				A552F7362258D96E006EB56F /* RSSFeedDataController.swift in Sources */,
				A552F744225A7DF2006EB56F /* RSSItemDetailsViewController.swift in Sources */,
				A591AF8E22555C02005BA5C9 /* GeneralViewController.swift in Sources */,
				A552F73A2259084C006EB56F /* FeedItemTableViewCell.swift in Sources */,
				A552F7382258FDE9006EB56F /* DataControllersFactory.swift in Sources */,
				A591AF8C22555C02005BA5C9 /* AppDelegate.swift in Sources */,
				A552F73D22592DCC006EB56F /* SystemActivityIndicator.swift in Sources */,
				A552F73F225A1F19006EB56F /* CombinedDataController.swift in Sources */,
				A591AFA122555EF2005BA5C9 /* RSSFeedsViewController.swift in Sources */,
				A552F742225A7025006EB56F /* UITableView+SupportMethods.swift in Sources */,
			);
			runOnlyForDeploymentPostprocessing = 0;
		};
/* End PBXSourcesBuildPhase section */

/* Begin PBXVariantGroup section */
		A591AF8F22555C02005BA5C9 /* Main.storyboard */ = {
			isa = PBXVariantGroup;
			children = (
				A591AF9022555C02005BA5C9 /* Base */,
			);
			name = Main.storyboard;
			sourceTree = "<group>";
		};
		A591AF9422555C06005BA5C9 /* LaunchScreen.storyboard */ = {
			isa = PBXVariantGroup;
			children = (
				A591AF9522555C06005BA5C9 /* Base */,
			);
			name = LaunchScreen.storyboard;
			sourceTree = "<group>";
		};
/* End PBXVariantGroup section */

/* Begin XCBuildConfiguration section */
		A591AF9822555C06005BA5C9 /* Debug */ = {
			isa = XCBuildConfiguration;
			buildSettings = {
				ALWAYS_SEARCH_USER_PATHS = NO;
				CLANG_ANALYZER_NONNULL = YES;
				CLANG_ANALYZER_NUMBER_OBJECT_CONVERSION = YES_AGGRESSIVE;
				CLANG_CXX_LANGUAGE_STANDARD = "gnu++14";
				CLANG_CXX_LIBRARY = "libc++";
				CLANG_ENABLE_MODULES = YES;
				CLANG_ENABLE_OBJC_ARC = YES;
				CLANG_ENABLE_OBJC_WEAK = YES;
				CLANG_WARN_BLOCK_CAPTURE_AUTORELEASING = YES;
				CLANG_WARN_BOOL_CONVERSION = YES;
				CLANG_WARN_COMMA = YES;
				CLANG_WARN_CONSTANT_CONVERSION = YES;
				CLANG_WARN_DEPRECATED_OBJC_IMPLEMENTATIONS = YES;
				CLANG_WARN_DIRECT_OBJC_ISA_USAGE = YES_ERROR;
				CLANG_WARN_DOCUMENTATION_COMMENTS = YES;
				CLANG_WARN_EMPTY_BODY = YES;
				CLANG_WARN_ENUM_CONVERSION = YES;
				CLANG_WARN_INFINITE_RECURSION = YES;
				CLANG_WARN_INT_CONVERSION = YES;
				CLANG_WARN_NON_LITERAL_NULL_CONVERSION = YES;
				CLANG_WARN_OBJC_IMPLICIT_RETAIN_SELF = YES;
				CLANG_WARN_OBJC_LITERAL_CONVERSION = YES;
				CLANG_WARN_OBJC_ROOT_CLASS = YES_ERROR;
				CLANG_WARN_RANGE_LOOP_ANALYSIS = YES;
				CLANG_WARN_STRICT_PROTOTYPES = YES;
				CLANG_WARN_SUSPICIOUS_MOVE = YES;
				CLANG_WARN_UNGUARDED_AVAILABILITY = YES_AGGRESSIVE;
				CLANG_WARN_UNREACHABLE_CODE = YES;
				CLANG_WARN__DUPLICATE_METHOD_MATCH = YES;
				CODE_SIGN_IDENTITY = "iPhone Developer";
				COPY_PHASE_STRIP = NO;
				DEBUG_INFORMATION_FORMAT = dwarf;
				ENABLE_STRICT_OBJC_MSGSEND = YES;
				ENABLE_TESTABILITY = YES;
				GCC_C_LANGUAGE_STANDARD = gnu11;
				GCC_DYNAMIC_NO_PIC = NO;
				GCC_NO_COMMON_BLOCKS = YES;
				GCC_OPTIMIZATION_LEVEL = 0;
				GCC_PREPROCESSOR_DEFINITIONS = (
					"DEBUG=1",
					"$(inherited)",
				);
				GCC_WARN_64_TO_32_BIT_CONVERSION = YES;
				GCC_WARN_ABOUT_RETURN_TYPE = YES_ERROR;
				GCC_WARN_UNDECLARED_SELECTOR = YES;
				GCC_WARN_UNINITIALIZED_AUTOS = YES_AGGRESSIVE;
				GCC_WARN_UNUSED_FUNCTION = YES;
				GCC_WARN_UNUSED_VARIABLE = YES;
				IPHONEOS_DEPLOYMENT_TARGET = 12.2;
				MTL_ENABLE_DEBUG_INFO = INCLUDE_SOURCE;
				MTL_FAST_MATH = YES;
				ONLY_ACTIVE_ARCH = YES;
				SDKROOT = iphoneos;
				SWIFT_ACTIVE_COMPILATION_CONDITIONS = DEBUG;
				SWIFT_OPTIMIZATION_LEVEL = "-Onone";
				SWIFT_VERSION = 5.0;
			};
			name = Debug;
		};
		A591AF9922555C06005BA5C9 /* Release */ = {
			isa = XCBuildConfiguration;
			buildSettings = {
				ALWAYS_SEARCH_USER_PATHS = NO;
				CLANG_ANALYZER_NONNULL = YES;
				CLANG_ANALYZER_NUMBER_OBJECT_CONVERSION = YES_AGGRESSIVE;
				CLANG_CXX_LANGUAGE_STANDARD = "gnu++14";
				CLANG_CXX_LIBRARY = "libc++";
				CLANG_ENABLE_MODULES = YES;
				CLANG_ENABLE_OBJC_ARC = YES;
				CLANG_ENABLE_OBJC_WEAK = YES;
				CLANG_WARN_BLOCK_CAPTURE_AUTORELEASING = YES;
				CLANG_WARN_BOOL_CONVERSION = YES;
				CLANG_WARN_COMMA = YES;
				CLANG_WARN_CONSTANT_CONVERSION = YES;
				CLANG_WARN_DEPRECATED_OBJC_IMPLEMENTATIONS = YES;
				CLANG_WARN_DIRECT_OBJC_ISA_USAGE = YES_ERROR;
				CLANG_WARN_DOCUMENTATION_COMMENTS = YES;
				CLANG_WARN_EMPTY_BODY = YES;
				CLANG_WARN_ENUM_CONVERSION = YES;
				CLANG_WARN_INFINITE_RECURSION = YES;
				CLANG_WARN_INT_CONVERSION = YES;
				CLANG_WARN_NON_LITERAL_NULL_CONVERSION = YES;
				CLANG_WARN_OBJC_IMPLICIT_RETAIN_SELF = YES;
				CLANG_WARN_OBJC_LITERAL_CONVERSION = YES;
				CLANG_WARN_OBJC_ROOT_CLASS = YES_ERROR;
				CLANG_WARN_RANGE_LOOP_ANALYSIS = YES;
				CLANG_WARN_STRICT_PROTOTYPES = YES;
				CLANG_WARN_SUSPICIOUS_MOVE = YES;
				CLANG_WARN_UNGUARDED_AVAILABILITY = YES_AGGRESSIVE;
				CLANG_WARN_UNREACHABLE_CODE = YES;
				CLANG_WARN__DUPLICATE_METHOD_MATCH = YES;
				CODE_SIGN_IDENTITY = "iPhone Developer";
				COPY_PHASE_STRIP = NO;
				DEBUG_INFORMATION_FORMAT = "dwarf-with-dsym";
				ENABLE_NS_ASSERTIONS = NO;
				ENABLE_STRICT_OBJC_MSGSEND = YES;
				GCC_C_LANGUAGE_STANDARD = gnu11;
				GCC_NO_COMMON_BLOCKS = YES;
				GCC_WARN_64_TO_32_BIT_CONVERSION = YES;
				GCC_WARN_ABOUT_RETURN_TYPE = YES_ERROR;
				GCC_WARN_UNDECLARED_SELECTOR = YES;
				GCC_WARN_UNINITIALIZED_AUTOS = YES_AGGRESSIVE;
				GCC_WARN_UNUSED_FUNCTION = YES;
				GCC_WARN_UNUSED_VARIABLE = YES;
				IPHONEOS_DEPLOYMENT_TARGET = 12.2;
				MTL_ENABLE_DEBUG_INFO = NO;
				MTL_FAST_MATH = YES;
				SDKROOT = iphoneos;
				SWIFT_COMPILATION_MODE = wholemodule;
				SWIFT_OPTIMIZATION_LEVEL = "-O";
				SWIFT_VERSION = 5.0;
				VALIDATE_PRODUCT = YES;
			};
			name = Release;
		};
		A591AF9B22555C06005BA5C9 /* Debug */ = {
			isa = XCBuildConfiguration;
			baseConfigurationReference = 690DE8C7CBE54DC712BF82E9 /* Pods-RSSFeedTestApp.debug.xcconfig */;
			buildSettings = {
				ASSETCATALOG_COMPILER_APPICON_NAME = AppIcon;
				CODE_SIGN_STYLE = Automatic;
				DEVELOPMENT_TEAM = Y2X6C6J4H2;
				INFOPLIST_FILE = "$(SRCROOT)/RSSFeedTestApp/Application/Info.plist";
				IPHONEOS_DEPLOYMENT_TARGET = 9.0;
				LD_RUNPATH_SEARCH_PATHS = (
					"$(inherited)",
					"@executable_path/Frameworks",
				);
				PRODUCT_BUNDLE_IDENTIFIER = com.NLab.RSSFeedTestApp;
				PRODUCT_NAME = "$(TARGET_NAME)";
				SWIFT_VERSION = 5.0;
				TARGETED_DEVICE_FAMILY = 1;
			};
			name = Debug;
		};
		A591AF9C22555C06005BA5C9 /* Release */ = {
			isa = XCBuildConfiguration;
			baseConfigurationReference = 214AFC36CDAC67E15EE1BEBA /* Pods-RSSFeedTestApp.release.xcconfig */;
			buildSettings = {
				ASSETCATALOG_COMPILER_APPICON_NAME = AppIcon;
				CODE_SIGN_STYLE = Automatic;
				DEVELOPMENT_TEAM = Y2X6C6J4H2;
				INFOPLIST_FILE = "$(SRCROOT)/RSSFeedTestApp/Application/Info.plist";
				IPHONEOS_DEPLOYMENT_TARGET = 9.0;
				LD_RUNPATH_SEARCH_PATHS = (
					"$(inherited)",
					"@executable_path/Frameworks",
				);
				PRODUCT_BUNDLE_IDENTIFIER = com.NLab.RSSFeedTestApp;
				PRODUCT_NAME = "$(TARGET_NAME)";
				SWIFT_VERSION = 5.0;
				TARGETED_DEVICE_FAMILY = 1;
			};
			name = Release;
		};
/* End XCBuildConfiguration section */

/* Begin XCConfigurationList section */
		A591AF8322555C02005BA5C9 /* Build configuration list for PBXProject "RSSFeedTestApp" */ = {
			isa = XCConfigurationList;
			buildConfigurations = (
				A591AF9822555C06005BA5C9 /* Debug */,
				A591AF9922555C06005BA5C9 /* Release */,
			);
			defaultConfigurationIsVisible = 0;
			defaultConfigurationName = Release;
		};
		A591AF9A22555C06005BA5C9 /* Build configuration list for PBXNativeTarget "RSSFeedTestApp" */ = {
			isa = XCConfigurationList;
			buildConfigurations = (
				A591AF9B22555C06005BA5C9 /* Debug */,
				A591AF9C22555C06005BA5C9 /* Release */,
			);
			defaultConfigurationIsVisible = 0;
			defaultConfigurationName = Release;
		};
/* End XCConfigurationList section */
	};
	rootObject = A591AF8022555C02005BA5C9 /* Project object */;
}
